// !$*UTF8*$!
{
	archiveVersion = 1;
	classes = {
	};
	objectVersion = 56;
	objects = {

/* Begin PBXBuildFile section */
		4142E28CE84CAB9F6DB4649E /* Pods_ElectroluxTaste.framework in Frameworks */ = {isa = PBXBuildFile; fileRef = 47A92BBAF59CB75BD3C46E06 /* Pods_ElectroluxTaste.framework */; };
		5A36835D2A249481008B2A28 /* PhotoDataView.swift in Sources */ = {isa = PBXBuildFile; fileRef = 5A36835C2A249481008B2A28 /* PhotoDataView.swift */; };
		5A3683602A24AD0E008B2A28 /* PhotoDetailDataView.swift in Sources */ = {isa = PBXBuildFile; fileRef = 5A36835F2A24AD0E008B2A28 /* PhotoDetailDataView.swift */; };
		5A3683622A24AD49008B2A28 /* PhotoDetailView.swift in Sources */ = {isa = PBXBuildFile; fileRef = 5A3683612A24AD49008B2A28 /* PhotoDetailView.swift */; };
		5A3683642A24AD71008B2A28 /* PhotoDetailViewModel.swift in Sources */ = {isa = PBXBuildFile; fileRef = 5A3683632A24AD71008B2A28 /* PhotoDetailViewModel.swift */; };
		5A5057152A2486D000F4D415 /* SecretKeys.swift in Sources */ = {isa = PBXBuildFile; fileRef = 5A5057142A2486D000F4D415 /* SecretKeys.swift */; };
		5A5057182A24872F00F4D415 /* ApiUrls.swift in Sources */ = {isa = PBXBuildFile; fileRef = 5A5057172A24872F00F4D415 /* ApiUrls.swift */; };
		5A50571C2A2487E900F4D415 /* PhotosApiRepository.swift in Sources */ = {isa = PBXBuildFile; fileRef = 5A50571B2A2487E900F4D415 /* PhotosApiRepository.swift */; };
		5A50571F2A24888400F4D415 /* Request.swift in Sources */ = {isa = PBXBuildFile; fileRef = 5A50571E2A24888400F4D415 /* Request.swift */; };
		5A5057222A2488C700F4D415 /* NetworkReachablity.swift in Sources */ = {isa = PBXBuildFile; fileRef = 5A5057212A2488C700F4D415 /* NetworkReachablity.swift */; };
		5A5057252A248AB000F4D415 /* PhotoListModel.swift in Sources */ = {isa = PBXBuildFile; fileRef = 5A5057242A248AB000F4D415 /* PhotoListModel.swift */; };
		5A5057282A248B4600F4D415 /* PhotoListViewModel.swift in Sources */ = {isa = PBXBuildFile; fileRef = 5A5057272A248B4600F4D415 /* PhotoListViewModel.swift */; };
		5A62886B2A246D2400A0EE08 /* ElectroluxTasteApp.swift in Sources */ = {isa = PBXBuildFile; fileRef = 5A62886A2A246D2400A0EE08 /* ElectroluxTasteApp.swift */; };
		5A62886D2A246D2400A0EE08 /* PhotoLandingView.swift in Sources */ = {isa = PBXBuildFile; fileRef = 5A62886C2A246D2400A0EE08 /* PhotoLandingView.swift */; };
		5A62886F2A246D2800A0EE08 /* Assets.xcassets in Resources */ = {isa = PBXBuildFile; fileRef = 5A62886E2A246D2800A0EE08 /* Assets.xcassets */; };
		5A6288722A246D2800A0EE08 /* Preview Assets.xcassets in Resources */ = {isa = PBXBuildFile; fileRef = 5A6288712A246D2800A0EE08 /* Preview Assets.xcassets */; };
/* End PBXBuildFile section */

/* Begin PBXFileReference section */
		2A816DD03D47CF2344AE04D4 /* Pods-ElectroluxTaste.release.xcconfig */ = {isa = PBXFileReference; includeInIndex = 1; lastKnownFileType = text.xcconfig; name = "Pods-ElectroluxTaste.release.xcconfig"; path = "Target Support Files/Pods-ElectroluxTaste/Pods-ElectroluxTaste.release.xcconfig"; sourceTree = "<group>"; };
		47A92BBAF59CB75BD3C46E06 /* Pods_ElectroluxTaste.framework */ = {isa = PBXFileReference; explicitFileType = wrapper.framework; includeInIndex = 0; path = Pods_ElectroluxTaste.framework; sourceTree = BUILT_PRODUCTS_DIR; };
		5A36835C2A249481008B2A28 /* PhotoDataView.swift */ = {isa = PBXFileReference; lastKnownFileType = sourcecode.swift; path = PhotoDataView.swift; sourceTree = "<group>"; };
		5A36835F2A24AD0E008B2A28 /* PhotoDetailDataView.swift */ = {isa = PBXFileReference; lastKnownFileType = sourcecode.swift; path = PhotoDetailDataView.swift; sourceTree = "<group>"; };
		5A3683612A24AD49008B2A28 /* PhotoDetailView.swift */ = {isa = PBXFileReference; lastKnownFileType = sourcecode.swift; path = PhotoDetailView.swift; sourceTree = "<group>"; };
		5A3683632A24AD71008B2A28 /* PhotoDetailViewModel.swift */ = {isa = PBXFileReference; lastKnownFileType = sourcecode.swift; path = PhotoDetailViewModel.swift; sourceTree = "<group>"; };
		5A5057142A2486D000F4D415 /* SecretKeys.swift */ = {isa = PBXFileReference; lastKnownFileType = sourcecode.swift; path = SecretKeys.swift; sourceTree = "<group>"; };
		5A5057172A24872F00F4D415 /* ApiUrls.swift */ = {isa = PBXFileReference; lastKnownFileType = sourcecode.swift; path = ApiUrls.swift; sourceTree = "<group>"; };
		5A50571B2A2487E900F4D415 /* PhotosApiRepository.swift */ = {isa = PBXFileReference; lastKnownFileType = sourcecode.swift; path = PhotosApiRepository.swift; sourceTree = "<group>"; };
		5A50571E2A24888400F4D415 /* Request.swift */ = {isa = PBXFileReference; lastKnownFileType = sourcecode.swift; path = Request.swift; sourceTree = "<group>"; };
		5A5057212A2488C700F4D415 /* NetworkReachablity.swift */ = {isa = PBXFileReference; lastKnownFileType = sourcecode.swift; path = NetworkReachablity.swift; sourceTree = "<group>"; };
		5A5057242A248AB000F4D415 /* PhotoListModel.swift */ = {isa = PBXFileReference; lastKnownFileType = sourcecode.swift; path = PhotoListModel.swift; sourceTree = "<group>"; };
		5A5057272A248B4600F4D415 /* PhotoListViewModel.swift */ = {isa = PBXFileReference; lastKnownFileType = sourcecode.swift; path = PhotoListViewModel.swift; sourceTree = "<group>"; };
		5A6288672A246D2400A0EE08 /* ElectroluxTaste.app */ = {isa = PBXFileReference; explicitFileType = wrapper.application; includeInIndex = 0; path = ElectroluxTaste.app; sourceTree = BUILT_PRODUCTS_DIR; };
		5A62886A2A246D2400A0EE08 /* ElectroluxTasteApp.swift */ = {isa = PBXFileReference; lastKnownFileType = sourcecode.swift; path = ElectroluxTasteApp.swift; sourceTree = "<group>"; };
		5A62886C2A246D2400A0EE08 /* PhotoLandingView.swift */ = {isa = PBXFileReference; lastKnownFileType = sourcecode.swift; path = PhotoLandingView.swift; sourceTree = "<group>"; };
		5A62886E2A246D2800A0EE08 /* Assets.xcassets */ = {isa = PBXFileReference; lastKnownFileType = folder.assetcatalog; path = Assets.xcassets; sourceTree = "<group>"; };
		5A6288712A246D2800A0EE08 /* Preview Assets.xcassets */ = {isa = PBXFileReference; lastKnownFileType = folder.assetcatalog; path = "Preview Assets.xcassets"; sourceTree = "<group>"; };
		94444DB08A8831C2475C39D4 /* Pods-ElectroluxTaste.debug.xcconfig */ = {isa = PBXFileReference; includeInIndex = 1; lastKnownFileType = text.xcconfig; name = "Pods-ElectroluxTaste.debug.xcconfig"; path = "Target Support Files/Pods-ElectroluxTaste/Pods-ElectroluxTaste.debug.xcconfig"; sourceTree = "<group>"; };
/* End PBXFileReference section */

/* Begin PBXFrameworksBuildPhase section */
		5A6288642A246D2400A0EE08 /* Frameworks */ = {
			isa = PBXFrameworksBuildPhase;
			buildActionMask = 2147483647;
			files = (
				4142E28CE84CAB9F6DB4649E /* Pods_ElectroluxTaste.framework in Frameworks */,
			);
			runOnlyForDeploymentPostprocessing = 0;
		};
/* End PBXFrameworksBuildPhase section */

/* Begin PBXGroup section */
		069FFA18F7FCE08BA68255C4 /* Frameworks */ = {
			isa = PBXGroup;
			children = (
				47A92BBAF59CB75BD3C46E06 /* Pods_ElectroluxTaste.framework */,
			);
			name = Frameworks;
			sourceTree = "<group>";
		};
		5A36835E2A24ABFD008B2A28 /* PhotoDetailedView */ = {
			isa = PBXGroup;
			children = (
				5A36835F2A24AD0E008B2A28 /* PhotoDetailDataView.swift */,
				5A3683612A24AD49008B2A28 /* PhotoDetailView.swift */,
				5A3683632A24AD71008B2A28 /* PhotoDetailViewModel.swift */,
			);
			path = PhotoDetailedView;
			sourceTree = "<group>";
		};
		5A5057102A24851000F4D415 /* Project */ = {
			isa = PBXGroup;
			children = (
				5A62886A2A246D2400A0EE08 /* ElectroluxTasteApp.swift */,
				5A5057112A24856800F4D415 /* AppStructure */,
			);
			path = Project;
			sourceTree = "<group>";
		};
		5A5057112A24856800F4D415 /* AppStructure */ = {
			isa = PBXGroup;
			children = (
				5A5057232A248A8700F4D415 /* Model */,
				5A5057292A248BAD00F4D415 /* View */,
				5A5057262A248B2400F4D415 /* ViewModel */,
				5A5057122A24865800F4D415 /* AppConnections */,
			);
			path = AppStructure;
			sourceTree = "<group>";
		};
		5A5057122A24865800F4D415 /* AppConnections */ = {
			isa = PBXGroup;
			children = (
				5A5057202A2488A300F4D415 /* Utilities */,
				5A50571D2A24885400F4D415 /* ConnectionManager */,
				5A5057162A24870D00F4D415 /* ApiRepo */,
				5A5057132A2486AF00F4D415 /* Constants */,
			);
			path = AppConnections;
			sourceTree = "<group>";
		};
		5A5057132A2486AF00F4D415 /* Constants */ = {
			isa = PBXGroup;
			children = (
				5A5057142A2486D000F4D415 /* SecretKeys.swift */,
			);
			path = Constants;
			sourceTree = "<group>";
		};
		5A5057162A24870D00F4D415 /* ApiRepo */ = {
			isa = PBXGroup;
			children = (
				5A5057192A24876800F4D415 /* Urls */,
				5A50571A2A2487A300F4D415 /* PhotosApiRepository */,
			);
			path = ApiRepo;
			sourceTree = "<group>";
		};
		5A5057192A24876800F4D415 /* Urls */ = {
			isa = PBXGroup;
			children = (
				5A5057172A24872F00F4D415 /* ApiUrls.swift */,
			);
			path = Urls;
			sourceTree = "<group>";
		};
		5A50571A2A2487A300F4D415 /* PhotosApiRepository */ = {
			isa = PBXGroup;
			children = (
				5A50571B2A2487E900F4D415 /* PhotosApiRepository.swift */,
			);
			path = PhotosApiRepository;
			sourceTree = "<group>";
		};
		5A50571D2A24885400F4D415 /* ConnectionManager */ = {
			isa = PBXGroup;
			children = (
				5A50571E2A24888400F4D415 /* Request.swift */,
			);
			path = ConnectionManager;
			sourceTree = "<group>";
		};
		5A5057202A2488A300F4D415 /* Utilities */ = {
			isa = PBXGroup;
			children = (
				5A5057212A2488C700F4D415 /* NetworkReachablity.swift */,
			);
			path = Utilities;
			sourceTree = "<group>";
		};
		5A5057232A248A8700F4D415 /* Model */ = {
			isa = PBXGroup;
			children = (
				5A5057242A248AB000F4D415 /* PhotoListModel.swift */,
			);
			path = Model;
			sourceTree = "<group>";
		};
		5A5057262A248B2400F4D415 /* ViewModel */ = {
			isa = PBXGroup;
			children = (
				5A5057272A248B4600F4D415 /* PhotoListViewModel.swift */,
			);
			path = ViewModel;
			sourceTree = "<group>";
		};
		5A5057292A248BAD00F4D415 /* View */ = {
			isa = PBXGroup;
			children = (
				5A50572A2A248BDD00F4D415 /* PhotoLandingView */,
				5A36835E2A24ABFD008B2A28 /* PhotoDetailedView */,
			);
			path = View;
			sourceTree = "<group>";
		};
		5A50572A2A248BDD00F4D415 /* PhotoLandingView */ = {
			isa = PBXGroup;
			children = (
				5A62886C2A246D2400A0EE08 /* PhotoLandingView.swift */,
				5A36835C2A249481008B2A28 /* PhotoDataView.swift */,
			);
			path = PhotoLandingView;
			sourceTree = "<group>";
		};
		5A62885E2A246D2400A0EE08 = {
			isa = PBXGroup;
			children = (
				5A6288692A246D2400A0EE08 /* ElectroluxTaste */,
				5A6288682A246D2400A0EE08 /* Products */,
				CD30C44F8DDE1324227646C6 /* Pods */,
				069FFA18F7FCE08BA68255C4 /* Frameworks */,
			);
			sourceTree = "<group>";
		};
		5A6288682A246D2400A0EE08 /* Products */ = {
			isa = PBXGroup;
			children = (
				5A6288672A246D2400A0EE08 /* ElectroluxTaste.app */,
			);
			name = Products;
			sourceTree = "<group>";
		};
		5A6288692A246D2400A0EE08 /* ElectroluxTaste */ = {
			isa = PBXGroup;
			children = (
				5A5057102A24851000F4D415 /* Project */,
				5A62886E2A246D2800A0EE08 /* Assets.xcassets */,
				5A6288702A246D2800A0EE08 /* Preview Content */,
			);
			path = ElectroluxTaste;
			sourceTree = "<group>";
		};
		5A6288702A246D2800A0EE08 /* Preview Content */ = {
			isa = PBXGroup;
			children = (
				5A6288712A246D2800A0EE08 /* Preview Assets.xcassets */,
			);
			path = "Preview Content";
			sourceTree = "<group>";
		};
		CD30C44F8DDE1324227646C6 /* Pods */ = {
			isa = PBXGroup;
			children = (
				94444DB08A8831C2475C39D4 /* Pods-ElectroluxTaste.debug.xcconfig */,
				2A816DD03D47CF2344AE04D4 /* Pods-ElectroluxTaste.release.xcconfig */,
			);
			path = Pods;
			sourceTree = "<group>";
		};
/* End PBXGroup section */

/* Begin PBXNativeTarget section */
		5A6288662A246D2400A0EE08 /* ElectroluxTaste */ = {
			isa = PBXNativeTarget;
			buildConfigurationList = 5A6288752A246D2800A0EE08 /* Build configuration list for PBXNativeTarget "ElectroluxTaste" */;
			buildPhases = (
				BD55F8C25302F52909F7F4EF /* [CP] Check Pods Manifest.lock */,
				5A6288632A246D2400A0EE08 /* Sources */,
				5A6288642A246D2400A0EE08 /* Frameworks */,
				5A6288652A246D2400A0EE08 /* Resources */,
				5BC8E8A70F60218B4DA50BE6 /* [CP] Embed Pods Frameworks */,
			);
			buildRules = (
			);
			dependencies = (
			);
			name = ElectroluxTaste;
			productName = ElectroluxTaste;
			productReference = 5A6288672A246D2400A0EE08 /* ElectroluxTaste.app */;
			productType = "com.apple.product-type.application";
		};
/* End PBXNativeTarget section */

/* Begin PBXProject section */
		5A62885F2A246D2400A0EE08 /* Project object */ = {
			isa = PBXProject;
			attributes = {
				BuildIndependentTargetsInParallel = 1;
				LastSwiftUpdateCheck = 1410;
				LastUpgradeCheck = 1410;
				TargetAttributes = {
					5A6288662A246D2400A0EE08 = {
						CreatedOnToolsVersion = 14.1;
					};
				};
			};
			buildConfigurationList = 5A6288622A246D2400A0EE08 /* Build configuration list for PBXProject "ElectroluxTaste" */;
			compatibilityVersion = "Xcode 14.0";
			developmentRegion = en;
			hasScannedForEncodings = 0;
			knownRegions = (
				en,
				Base,
			);
			mainGroup = 5A62885E2A246D2400A0EE08;
			productRefGroup = 5A6288682A246D2400A0EE08 /* Products */;
			projectDirPath = "";
			projectRoot = "";
			targets = (
				5A6288662A246D2400A0EE08 /* ElectroluxTaste */,
			);
		};
/* End PBXProject section */

/* Begin PBXResourcesBuildPhase section */
		5A6288652A246D2400A0EE08 /* Resources */ = {
			isa = PBXResourcesBuildPhase;
			buildActionMask = 2147483647;
			files = (
				5A6288722A246D2800A0EE08 /* Preview Assets.xcassets in Resources */,
				5A62886F2A246D2800A0EE08 /* Assets.xcassets in Resources */,
			);
			runOnlyForDeploymentPostprocessing = 0;
		};
/* End PBXResourcesBuildPhase section */

/* Begin PBXShellScriptBuildPhase section */
		5BC8E8A70F60218B4DA50BE6 /* [CP] Embed Pods Frameworks */ = {
			isa = PBXShellScriptBuildPhase;
			buildActionMask = 2147483647;
			files = (
			);
			inputFileListPaths = (
				"${PODS_ROOT}/Target Support Files/Pods-ElectroluxTaste/Pods-ElectroluxTaste-frameworks-${CONFIGURATION}-input-files.xcfilelist",
			);
			name = "[CP] Embed Pods Frameworks";
			outputFileListPaths = (
				"${PODS_ROOT}/Target Support Files/Pods-ElectroluxTaste/Pods-ElectroluxTaste-frameworks-${CONFIGURATION}-output-files.xcfilelist",
			);
			runOnlyForDeploymentPostprocessing = 0;
			shellPath = /bin/sh;
			shellScript = "\"${PODS_ROOT}/Target Support Files/Pods-ElectroluxTaste/Pods-ElectroluxTaste-frameworks.sh\"\n";
			showEnvVarsInLog = 0;
		};
		BD55F8C25302F52909F7F4EF /* [CP] Check Pods Manifest.lock */ = {
			isa = PBXShellScriptBuildPhase;
			buildActionMask = 2147483647;
			files = (
			);
			inputFileListPaths = (
			);
			inputPaths = (
				"${PODS_PODFILE_DIR_PATH}/Podfile.lock",
				"${PODS_ROOT}/Manifest.lock",
			);
			name = "[CP] Check Pods Manifest.lock";
			outputFileListPaths = (
			);
			outputPaths = (
				"$(DERIVED_FILE_DIR)/Pods-ElectroluxTaste-checkManifestLockResult.txt",
			);
			runOnlyForDeploymentPostprocessing = 0;
			shellPath = /bin/sh;
			shellScript = "diff \"${PODS_PODFILE_DIR_PATH}/Podfile.lock\" \"${PODS_ROOT}/Manifest.lock\" > /dev/null\nif [ $? != 0 ] ; then\n    # print error to STDERR\n    echo \"error: The sandbox is not in sync with the Podfile.lock. Run 'pod install' or update your CocoaPods installation.\" >&2\n    exit 1\nfi\n# This output is used by Xcode 'outputs' to avoid re-running this script phase.\necho \"SUCCESS\" > \"${SCRIPT_OUTPUT_FILE_0}\"\n";
			showEnvVarsInLog = 0;
		};
/* End PBXShellScriptBuildPhase section */

/* Begin PBXSourcesBuildPhase section */
		5A6288632A246D2400A0EE08 /* Sources */ = {
			isa = PBXSourcesBuildPhase;
			buildActionMask = 2147483647;
			files = (
				5A5057182A24872F00F4D415 /* ApiUrls.swift in Sources */,
				5A50571F2A24888400F4D415 /* Request.swift in Sources */,
				5A62886D2A246D2400A0EE08 /* PhotoLandingView.swift in Sources */,
				5A50571C2A2487E900F4D415 /* PhotosApiRepository.swift in Sources */,
				5A3683602A24AD0E008B2A28 /* PhotoDetailDataView.swift in Sources */,
				5A5057282A248B4600F4D415 /* PhotoListViewModel.swift in Sources */,
				5A36835D2A249481008B2A28 /* PhotoDataView.swift in Sources */,
				5A5057222A2488C700F4D415 /* NetworkReachablity.swift in Sources */,
				5A3683622A24AD49008B2A28 /* PhotoDetailView.swift in Sources */,
				5A62886B2A246D2400A0EE08 /* ElectroluxTasteApp.swift in Sources */,
				5A5057252A248AB000F4D415 /* PhotoListModel.swift in Sources */,
				5A3683642A24AD71008B2A28 /* PhotoDetailViewModel.swift in Sources */,
				5A5057152A2486D000F4D415 /* SecretKeys.swift in Sources */,
			);
			runOnlyForDeploymentPostprocessing = 0;
		};
/* End PBXSourcesBuildPhase section */

/* Begin XCBuildConfiguration section */
		5A6288732A246D2800A0EE08 /* Debug */ = {
			isa = XCBuildConfiguration;
			buildSettings = {
				ALWAYS_SEARCH_USER_PATHS = NO;
				CLANG_ANALYZER_NONNULL = YES;
				CLANG_ANALYZER_NUMBER_OBJECT_CONVERSION = YES_AGGRESSIVE;
				CLANG_CXX_LANGUAGE_STANDARD = "gnu++20";
				CLANG_ENABLE_MODULES = YES;
				CLANG_ENABLE_OBJC_ARC = YES;
				CLANG_ENABLE_OBJC_WEAK = YES;
				CLANG_WARN_BLOCK_CAPTURE_AUTORELEASING = YES;
				CLANG_WARN_BOOL_CONVERSION = YES;
				CLANG_WARN_COMMA = YES;
				CLANG_WARN_CONSTANT_CONVERSION = YES;
				CLANG_WARN_DEPRECATED_OBJC_IMPLEMENTATIONS = YES;
				CLANG_WARN_DIRECT_OBJC_ISA_USAGE = YES_ERROR;
				CLANG_WARN_DOCUMENTATION_COMMENTS = YES;
				CLANG_WARN_EMPTY_BODY = YES;
				CLANG_WARN_ENUM_CONVERSION = YES;
				CLANG_WARN_INFINITE_RECURSION = YES;
				CLANG_WARN_INT_CONVERSION = YES;
				CLANG_WARN_NON_LITERAL_NULL_CONVERSION = YES;
				CLANG_WARN_OBJC_IMPLICIT_RETAIN_SELF = YES;
				CLANG_WARN_OBJC_LITERAL_CONVERSION = YES;
				CLANG_WARN_OBJC_ROOT_CLASS = YES_ERROR;
				CLANG_WARN_QUOTED_INCLUDE_IN_FRAMEWORK_HEADER = YES;
				CLANG_WARN_RANGE_LOOP_ANALYSIS = YES;
				CLANG_WARN_STRICT_PROTOTYPES = YES;
				CLANG_WARN_SUSPICIOUS_MOVE = YES;
				CLANG_WARN_UNGUARDED_AVAILABILITY = YES_AGGRESSIVE;
				CLANG_WARN_UNREACHABLE_CODE = YES;
				CLANG_WARN__DUPLICATE_METHOD_MATCH = YES;
				COPY_PHASE_STRIP = NO;
				DEBUG_INFORMATION_FORMAT = dwarf;
				ENABLE_STRICT_OBJC_MSGSEND = YES;
				ENABLE_TESTABILITY = YES;
				GCC_C_LANGUAGE_STANDARD = gnu11;
				GCC_DYNAMIC_NO_PIC = NO;
				GCC_NO_COMMON_BLOCKS = YES;
				GCC_OPTIMIZATION_LEVEL = 0;
				GCC_PREPROCESSOR_DEFINITIONS = (
					"DEBUG=1",
					"$(inherited)",
				);
				GCC_WARN_64_TO_32_BIT_CONVERSION = YES;
				GCC_WARN_ABOUT_RETURN_TYPE = YES_ERROR;
				GCC_WARN_UNDECLARED_SELECTOR = YES;
				GCC_WARN_UNINITIALIZED_AUTOS = YES_AGGRESSIVE;
				GCC_WARN_UNUSED_FUNCTION = YES;
				GCC_WARN_UNUSED_VARIABLE = YES;
				IPHONEOS_DEPLOYMENT_TARGET = 16.1;
				MTL_ENABLE_DEBUG_INFO = INCLUDE_SOURCE;
				MTL_FAST_MATH = YES;
				ONLY_ACTIVE_ARCH = YES;
				SDKROOT = iphoneos;
				SWIFT_ACTIVE_COMPILATION_CONDITIONS = DEBUG;
				SWIFT_OPTIMIZATION_LEVEL = "-Onone";
			};
			name = Debug;
		};
		5A6288742A246D2800A0EE08 /* Release */ = {
			isa = XCBuildConfiguration;
			buildSettings = {
				ALWAYS_SEARCH_USER_PATHS = NO;
				CLANG_ANALYZER_NONNULL = YES;
				CLANG_ANALYZER_NUMBER_OBJECT_CONVERSION = YES_AGGRESSIVE;
				CLANG_CXX_LANGUAGE_STANDARD = "gnu++20";
				CLANG_ENABLE_MODULES = YES;
				CLANG_ENABLE_OBJC_ARC = YES;
				CLANG_ENABLE_OBJC_WEAK = YES;
				CLANG_WARN_BLOCK_CAPTURE_AUTORELEASING = YES;
				CLANG_WARN_BOOL_CONVERSION = YES;
				CLANG_WARN_COMMA = YES;
				CLANG_WARN_CONSTANT_CONVERSION = YES;
				CLANG_WARN_DEPRECATED_OBJC_IMPLEMENTATIONS = YES;
				CLANG_WARN_DIRECT_OBJC_ISA_USAGE = YES_ERROR;
				CLANG_WARN_DOCUMENTATION_COMMENTS = YES;
				CLANG_WARN_EMPTY_BODY = YES;
				CLANG_WARN_ENUM_CONVERSION = YES;
				CLANG_WARN_INFINITE_RECURSION = YES;
				CLANG_WARN_INT_CONVERSION = YES;
				CLANG_WARN_NON_LITERAL_NULL_CONVERSION = YES;
				CLANG_WARN_OBJC_IMPLICIT_RETAIN_SELF = YES;
				CLANG_WARN_OBJC_LITERAL_CONVERSION = YES;
				CLANG_WARN_OBJC_ROOT_CLASS = YES_ERROR;
				CLANG_WARN_QUOTED_INCLUDE_IN_FRAMEWORK_HEADER = YES;
				CLANG_WARN_RANGE_LOOP_ANALYSIS = YES;
				CLANG_WARN_STRICT_PROTOTYPES = YES;
				CLANG_WARN_SUSPICIOUS_MOVE = YES;
				CLANG_WARN_UNGUARDED_AVAILABILITY = YES_AGGRESSIVE;
				CLANG_WARN_UNREACHABLE_CODE = YES;
				CLANG_WARN__DUPLICATE_METHOD_MATCH = YES;
				COPY_PHASE_STRIP = NO;
				DEBUG_INFORMATION_FORMAT = "dwarf-with-dsym";
				ENABLE_NS_ASSERTIONS = NO;
				ENABLE_STRICT_OBJC_MSGSEND = YES;
				GCC_C_LANGUAGE_STANDARD = gnu11;
				GCC_NO_COMMON_BLOCKS = YES;
				GCC_WARN_64_TO_32_BIT_CONVERSION = YES;
				GCC_WARN_ABOUT_RETURN_TYPE = YES_ERROR;
				GCC_WARN_UNDECLARED_SELECTOR = YES;
				GCC_WARN_UNINITIALIZED_AUTOS = YES_AGGRESSIVE;
				GCC_WARN_UNUSED_FUNCTION = YES;
				GCC_WARN_UNUSED_VARIABLE = YES;
				IPHONEOS_DEPLOYMENT_TARGET = 16.1;
				MTL_ENABLE_DEBUG_INFO = NO;
				MTL_FAST_MATH = YES;
				SDKROOT = iphoneos;
				SWIFT_COMPILATION_MODE = wholemodule;
				SWIFT_OPTIMIZATION_LEVEL = "-O";
				VALIDATE_PRODUCT = YES;
			};
			name = Release;
		};
		5A6288762A246D2800A0EE08 /* Debug */ = {
			isa = XCBuildConfiguration;
			baseConfigurationReference = 94444DB08A8831C2475C39D4 /* Pods-ElectroluxTaste.debug.xcconfig */;
			buildSettings = {
				ASSETCATALOG_COMPILER_APPICON_NAME = AppIcon;
				ASSETCATALOG_COMPILER_GLOBAL_ACCENT_COLOR_NAME = AccentColor;
				CODE_SIGN_STYLE = Automatic;
				CURRENT_PROJECT_VERSION = 1;
				DEVELOPMENT_ASSET_PATHS = "\"ElectroluxTaste/Preview Content\"";
				ENABLE_PREVIEWS = YES;
				GENERATE_INFOPLIST_FILE = YES;
				INFOPLIST_KEY_NSPhotoLibraryAddUsageDescription = "";
				INFOPLIST_KEY_NSPhotoLibraryUsageDescription = "";
				INFOPLIST_KEY_UIApplicationSceneManifest_Generation = YES;
				INFOPLIST_KEY_UIApplicationSupportsIndirectInputEvents = YES;
				INFOPLIST_KEY_UILaunchScreen_Generation = YES;
				INFOPLIST_KEY_UISupportedInterfaceOrientations_iPad = "UIInterfaceOrientationPortrait UIInterfaceOrientationPortraitUpsideDown UIInterfaceOrientationLandscapeLeft UIInterfaceOrientationLandscapeRight";
				INFOPLIST_KEY_UISupportedInterfaceOrientations_iPhone = "UIInterfaceOrientationPortrait UIInterfaceOrientationLandscapeLeft UIInterfaceOrientationLandscapeRight";
				IPHONEOS_DEPLOYMENT_TARGET = 15.0;
				LD_RUNPATH_SEARCH_PATHS = (
					"$(inherited)",
					"@executable_path/Frameworks",
				);
				MARKETING_VERSION = 1.0;
				PRODUCT_BUNDLE_IDENTIFIER = com.org.ElectroluxTaste;
				PRODUCT_NAME = "$(TARGET_NAME)";
				SWIFT_EMIT_LOC_STRINGS = YES;
				SWIFT_VERSION = 5.0;
				TARGETED_DEVICE_FAMILY = "1,2";
			};
			name = Debug;
		};
		5A6288772A246D2800A0EE08 /* Release */ = {
			isa = XCBuildConfiguration;
			baseConfigurationReference = 2A816DD03D47CF2344AE04D4 /* Pods-ElectroluxTaste.release.xcconfig */;
			buildSettings = {
				ASSETCATALOG_COMPILER_APPICON_NAME = AppIcon;
				ASSETCATALOG_COMPILER_GLOBAL_ACCENT_COLOR_NAME = AccentColor;
				CODE_SIGN_STYLE = Automatic;
				CURRENT_PROJECT_VERSION = 1;
				DEVELOPMENT_ASSET_PATHS = "\"ElectroluxTaste/Preview Content\"";
				ENABLE_PREVIEWS = YES;
				GENERATE_INFOPLIST_FILE = YES;
				INFOPLIST_KEY_NSPhotoLibraryAddUsageDescription = "";
				INFOPLIST_KEY_NSPhotoLibraryUsageDescription = "";
				INFOPLIST_KEY_UIApplicationSceneManifest_Generation = YES;
				INFOPLIST_KEY_UIApplicationSupportsIndirectInputEvents = YES;
				INFOPLIST_KEY_UILaunchScreen_Generation = YES;
				INFOPLIST_KEY_UISupportedInterfaceOrientations_iPad = "UIInterfaceOrientationPortrait UIInterfaceOrientationPortraitUpsideDown UIInterfaceOrientationLandscapeLeft UIInterfaceOrientationLandscapeRight";
				INFOPLIST_KEY_UISupportedInterfaceOrientations_iPhone = "UIInterfaceOrientationPortrait UIInterfaceOrientationLandscapeLeft UIInterfaceOrientationLandscapeRight";
				IPHONEOS_DEPLOYMENT_TARGET = 15.0;
				LD_RUNPATH_SEARCH_PATHS = (
					"$(inherited)",
					"@executable_path/Frameworks",
				);
				MARKETING_VERSION = 1.0;
				PRODUCT_BUNDLE_IDENTIFIER = com.org.ElectroluxTaste;
				PRODUCT_NAME = "$(TARGET_NAME)";
				SWIFT_EMIT_LOC_STRINGS = YES;
				SWIFT_VERSION = 5.0;
				TARGETED_DEVICE_FAMILY = "1,2";
			};
			name = Release;
		};
/* End XCBuildConfiguration section */

/* Begin XCConfigurationList section */
		5A6288622A246D2400A0EE08 /* Build configuration list for PBXProject "ElectroluxTaste" */ = {
			isa = XCConfigurationList;
			buildConfigurations = (
				5A6288732A246D2800A0EE08 /* Debug */,
				5A6288742A246D2800A0EE08 /* Release */,
			);
			defaultConfigurationIsVisible = 0;
			defaultConfigurationName = Release;
		};
		5A6288752A246D2800A0EE08 /* Build configuration list for PBXNativeTarget "ElectroluxTaste" */ = {
			isa = XCConfigurationList;
			buildConfigurations = (
				5A6288762A246D2800A0EE08 /* Debug */,
				5A6288772A246D2800A0EE08 /* Release */,
			);
			defaultConfigurationIsVisible = 0;
			defaultConfigurationName = Release;
		};
/* End XCConfigurationList section */
	};
	rootObject = 5A62885F2A246D2400A0EE08 /* Project object */;
}
