PODS:
  - Alamofire (5.6.2)
  - Toaster (2.3.0)

DEPENDENCIES:
  - Alamofire
  - Toaster

SPEC REPOS:
  trunk:
    - Alamofire
    - Toaster

SPEC CHECKSUMS:
  Alamofire: d368e1ff8a298e6dde360e35a3e68e6c610e7204
  Toaster: c3473963c78e8cabbf6ea6f11ad0fdaae6f54987

PODFILE CHECKSUM: a3e79e2857887dab23bd31cf02af4f835b964c06

COCOAPODS: 1.12.1
